
Microsoft Visual Studio Solution File, Format Version 12.00
# Visual Studio Version 17
VisualStudioVersion = 17.10.35004.147
MinimumVisualStudioVersion = 10.0.40219.1
Project("{FAE04EC0-301F-11D3-BF4B-00C04F79EFBC}") = "Pgiornaliero", "Pgiornaliero\Pgiornaliero.csproj", "{9CC54862-CFA2-4C61-AC2B-92F0790E8127}"
EndProject
Global
	GlobalSection(SolutionConfigurationPlatforms) = preSolution
		Debug|Any CPU = Debug|Any CPU
		Release|Any CPU = Release|Any CPU
	EndGlobalSection
	GlobalSection(ProjectConfigurationPlatforms) = postSolution
		{9CC54862-CFA2-4C61-AC2B-92F0790E8127}.Debug|Any CPU.ActiveCfg = Debug|Any CPU
		{9CC54862-CFA2-4C61-AC2B-92F0790E8127}.Debug|Any CPU.Build.0 = Debug|Any CPU
		{9CC54862-CFA2-4C61-AC2B-92F0790E8127}.Release|Any CPU.ActiveCfg = Release|Any CPU
		{9CC54862-CFA2-4C61-AC2B-92F0790E8127}.Release|Any CPU.Build.0 = Release|Any CPU
	EndGlobalSection
	GlobalSection(SolutionProperties) = preSolution
		HideSolutionNode = FALSE
	EndGlobalSection
	GlobalSection(ExtensibilityGlobals) = postSolution
		SolutionGuid = {E8EDB60C-9778-465E-8AA0-14BB0B497E13}
	EndGlobalSection
EndGlobal
